
Microsoft Visual Studio Solution File, Format Version 12.00
# Visual Studio Version 17
VisualStudioVersion = 17.4.33213.308
MinimumVisualStudioVersion = 10.0.40219.1
Project("{9A19103F-16F7-4668-BE54-9A1E7A4F7556}") = "ThePhoneBook.FrontendMvc", "ThePhoneBook.FrontendMvc\ThePhoneBook.FrontendMvc.csproj", "{EB469F34-5944-477C-B8FF-E50EABC221EB}"
EndProject
Project("{FAE04EC0-301F-11D3-BF4B-00C04F79EFBC}") = "ThePhoneBook.FrontendMvc.Tests", "ThePhoneBook.FrontendMvc.Tests\ThePhoneBook.FrontendMvc.Tests.csproj", "{D6B999F1-E39C-48EF-9490-FF8D09C84002}"
EndProject
Global
	GlobalSection(SolutionConfigurationPlatforms) = preSolution
		Debug|Any CPU = Debug|Any CPU
		Release|Any CPU = Release|Any CPU
	EndGlobalSection
	GlobalSection(ProjectConfigurationPlatforms) = postSolution
		{EB469F34-5944-477C-B8FF-E50EABC221EB}.Debug|Any CPU.ActiveCfg = Debug|Any CPU
		{EB469F34-5944-477C-B8FF-E50EABC221EB}.Debug|Any CPU.Build.0 = Debug|Any CPU
		{EB469F34-5944-477C-B8FF-E50EABC221EB}.Release|Any CPU.ActiveCfg = Release|Any CPU
		{EB469F34-5944-477C-B8FF-E50EABC221EB}.Release|Any CPU.Build.0 = Release|Any CPU
		{D6B999F1-E39C-48EF-9490-FF8D09C84002}.Debug|Any CPU.ActiveCfg = Debug|Any CPU
		{D6B999F1-E39C-48EF-9490-FF8D09C84002}.Debug|Any CPU.Build.0 = Debug|Any CPU
		{D6B999F1-E39C-48EF-9490-FF8D09C84002}.Release|Any CPU.ActiveCfg = Release|Any CPU
		{D6B999F1-E39C-48EF-9490-FF8D09C84002}.Release|Any CPU.Build.0 = Release|Any CPU
	EndGlobalSection
	GlobalSection(SolutionProperties) = preSolution
		HideSolutionNode = FALSE
	EndGlobalSection
	GlobalSection(ExtensibilityGlobals) = postSolution
		SolutionGuid = {CAD97941-C4FD-429C-9EE9-CBE8948B0488}
	EndGlobalSection
EndGlobal
